
Microsoft Visual Studio Solution File, Format Version 12.00
# Visual Studio Version 17
VisualStudioVersion = 17.1.32414.318
MinimumVisualStudioVersion = 10.0.40219.1
Project("{9A19103F-16F7-4668-BE54-9A1E7A4F7556}") = "BlazorEcommerce.Server", "BlazorEcommerce\Server\BlazorEcommerce.Server.csproj", "{ABB37F76-6117-451E-AE20-A1CDC118FA71}"
EndProject
Project("{9A19103F-16F7-4668-BE54-9A1E7A4F7556}") = "BlazorEcommerce.Client", "BlazorEcommerce\Client\BlazorEcommerce.Client.csproj", "{4BC14523-5BA2-4464-ABF7-F141201D923A}"
EndProject
Project("{9A19103F-16F7-4668-BE54-9A1E7A4F7556}") = "BlazorEcommerce.Shared", "BlazorEcommerce\Shared\BlazorEcommerce.Shared.csproj", "{2B5B640A-FF18-4C50-91FC-0E114BB0AA0A}"
EndProject
Global
	GlobalSection(SolutionConfigurationPlatforms) = preSolution
		Debug|Any CPU = Debug|Any CPU
		Release|Any CPU = Release|Any CPU
	EndGlobalSection
	GlobalSection(ProjectConfigurationPlatforms) = postSolution
		{ABB37F76-6117-451E-AE20-A1CDC118FA71}.Debug|Any CPU.ActiveCfg = Debug|Any CPU
		{ABB37F76-6117-451E-AE20-A1CDC118FA71}.Debug|Any CPU.Build.0 = Debug|Any CPU
		{ABB37F76-6117-451E-AE20-A1CDC118FA71}.Release|Any CPU.ActiveCfg = Release|Any CPU
		{ABB37F76-6117-451E-AE20-A1CDC118FA71}.Release|Any CPU.Build.0 = Release|Any CPU
		{4BC14523-5BA2-4464-ABF7-F141201D923A}.Debug|Any CPU.ActiveCfg = Debug|Any CPU
		{4BC14523-5BA2-4464-ABF7-F141201D923A}.Debug|Any CPU.Build.0 = Debug|Any CPU
		{4BC14523-5BA2-4464-ABF7-F141201D923A}.Release|Any CPU.ActiveCfg = Release|Any CPU
		{4BC14523-5BA2-4464-ABF7-F141201D923A}.Release|Any CPU.Build.0 = Release|Any CPU
		{2B5B640A-FF18-4C50-91FC-0E114BB0AA0A}.Debug|Any CPU.ActiveCfg = Debug|Any CPU
		{2B5B640A-FF18-4C50-91FC-0E114BB0AA0A}.Debug|Any CPU.Build.0 = Debug|Any CPU
		{2B5B640A-FF18-4C50-91FC-0E114BB0AA0A}.Release|Any CPU.ActiveCfg = Release|Any CPU
		{2B5B640A-FF18-4C50-91FC-0E114BB0AA0A}.Release|Any CPU.Build.0 = Release|Any CPU
	EndGlobalSection
	GlobalSection(SolutionProperties) = preSolution
		HideSolutionNode = FALSE
	EndGlobalSection
	GlobalSection(ExtensibilityGlobals) = postSolution
		SolutionGuid = {66AEB801-31FA-41E5-8902-6899240F3896}
	EndGlobalSection
EndGlobal
